
Microsoft Visual Studio Solution File, Format Version 12.00
# Visual Studio Version 18
VisualStudioVersion = 18.9.12112.369 stable
MinimumVisualStudioVersion = 10.0.40219.1
Project("{FAE04EC0-301F-11D3-BF4B-00C04F79EFBC}") = "PluginsManager", "PluginsManager\PluginsManager.csproj", "{F443DE8D-C791-4DC7-94CB-288E705ED749}"
EndProject
Project("{FAE04EC0-301F-11D3-BF4B-00C04F79EFBC}") = "Build", "Build\Build.csproj", "{415691B0-1282-47A8-A717-F24C3E58B824}"
EndProject
Project("{FAE04EC0-301F-11D3-BF4B-00C04F79EFBC}") = "PluginsManager.AdminTools", "PluginsManager.AdminTools\PluginsManager.AdminTools.csproj", "{91A26D4B-6F17-48DD-A608-5D08AC618711}"
EndProject
Global
	GlobalSection(SolutionConfigurationPlatforms) = preSolution
		Build|Any CPU = Build|Any CPU
		Debug|Any CPU = Debug|Any CPU
	EndGlobalSection
	GlobalSection(ProjectConfigurationPlatforms) = postSolution
		{F443DE8D-C791-4DC7-94CB-288E705ED749}.Build|Any CPU.ActiveCfg = Build|Any CPU
		{F443DE8D-C791-4DC7-94CB-288E705ED749}.Build|Any CPU.Build.0 = Build|Any CPU
		{F443DE8D-C791-4DC7-94CB-288E705ED749}.Debug|Any CPU.ActiveCfg = Debug|Any CPU
		{F443DE8D-C791-4DC7-94CB-288E705ED749}.Debug|Any CPU.Build.0 = Debug|Any CPU
		{415691B0-1282-47A8-A717-F24C3E58B824}.Build|Any CPU.ActiveCfg = Build|Any CPU
		{415691B0-1282-47A8-A717-F24C3E58B824}.Build|Any CPU.Build.0 = Build|Any CPU
		{415691B0-1282-47A8-A717-F24C3E58B824}.Debug|Any CPU.ActiveCfg = Debug|Any CPU
		{415691B0-1282-47A8-A717-F24C3E58B824}.Debug|Any CPU.Build.0 = Debug|Any CPU
		{91A26D4B-6F17-48DD-A608-5D08AC618711}.Build|Any CPU.ActiveCfg = Debug|Any CPU
		{91A26D4B-6F17-48DD-A608-5D08AC618711}.Build|Any CPU.Build.0 = Debug|Any CPU
		{91A26D4B-6F17-48DD-A608-5D08AC618711}.Debug|Any CPU.ActiveCfg = Debug|Any CPU
		{91A26D4B-6F17-48DD-A608-5D08AC618711}.Debug|Any CPU.Build.0 = Debug|Any CPU
	EndGlobalSection
	GlobalSection(SolutionProperties) = preSolution
		HideSolutionNode = FALSE
	EndGlobalSection
	GlobalSection(ExtensibilityGlobals) = postSolution
		SolutionGuid = {DA5688BE-9BDB-415B-A1BA-943B521B8136}
	EndGlobalSection
EndGlobal
